
Microsoft Visual Studio Solution File, Format Version 12.00
# Visual Studio Version 17
VisualStudioVersion = 17.0.31903.59
MinimumVisualStudioVersion = 10.0.40219.1
Project("{FAE04EC0-301F-11D3-BF4B-00C04F79EFBC}") = "Day2", "Day2\Day2.csproj", "{65195233-11B3-4E28-9094-61E0DD53B265}"
EndProject
Project("{FAE04EC0-301F-11D3-BF4B-00C04F79EFBC}") = "Day2-Inheretance", "Day2-Inheretance\Day2-Inheretance.csproj", "{F74B55CF-8002-4EE3-AE93-D4E11AAA33B0}"
EndProject
Global
	GlobalSection(SolutionConfigurationPlatforms) = preSolution
		Debug|Any CPU = Debug|Any CPU
		Release|Any CPU = Release|Any CPU
	EndGlobalSection
	GlobalSection(SolutionProperties) = preSolution
		HideSolutionNode = FALSE
	EndGlobalSection
	GlobalSection(ProjectConfigurationPlatforms) = postSolution
		{65195233-11B3-4E28-9094-61E0DD53B265}.Debug|Any CPU.ActiveCfg = Debug|Any CPU
		{65195233-11B3-4E28-9094-61E0DD53B265}.Debug|Any CPU.Build.0 = Debug|Any CPU
		{65195233-11B3-4E28-9094-61E0DD53B265}.Release|Any CPU.ActiveCfg = Release|Any CPU
		{65195233-11B3-4E28-9094-61E0DD53B265}.Release|Any CPU.Build.0 = Release|Any CPU
		{F74B55CF-8002-4EE3-AE93-D4E11AAA33B0}.Debug|Any CPU.ActiveCfg = Debug|Any CPU
		{F74B55CF-8002-4EE3-AE93-D4E11AAA33B0}.Debug|Any CPU.Build.0 = Debug|Any CPU
		{F74B55CF-8002-4EE3-AE93-D4E11AAA33B0}.Release|Any CPU.ActiveCfg = Release|Any CPU
		{F74B55CF-8002-4EE3-AE93-D4E11AAA33B0}.Release|Any CPU.Build.0 = Release|Any CPU
	EndGlobalSection
EndGlobal
